github.com/danielfdickinson/hugo-dfd-demo-site-theme v0.0.0-20211024071933-4cb90d6358a2 h1:EIzwTnv4+x83EQ0FTCFNNsqwvWmsYaNuOaJEjPgCOH0=
github.com/danielfdickinson/hugo-dfd-demo-site-theme v0.0.0-20211024071933-4cb90d6358a2/go.mod h1:h4mAffRc9lbTWAvWo+Ymr1nIQ8OtjOETJ+ifsE/TR0k=
github.com/danielfdickinson/hugo-dfd-microformats v0.0.0-20211022170842-5f91098f29f3 h1:oPm+t1SR5ZJqqkHdZW1XYBMx9k/HnPLwifDBOZaEG5I=
github.com/danielfdickinson/hugo-dfd-microformats v0.0.0-20211022170842-5f91098f29f3/go.mod h1:9QrnpVwNci86RHfah59GiTsJDi1yJbeYgdEPp6SrqQA=
