github.com/danielfdickinson/hugo-dfd-link-handling v0.1.0 h1:szRvWEZQk9vRFe1CUPI3ZTeeU6K/bByY54wc/lovSp0=
github.com/danielfdickinson/hugo-dfd-link-handling v0.1.0/go.mod h1:eGt6WxNo87zjO0Gb+/uOOuaeZEGTcyqjeFQuVHyUwJc=
github.com/danielfdickinson/hugo-dfd-link-handling/exampleSite v0.0.0-20211025042849-39318ff3813e h1:gBbPz+Z9Uhm2jXH7HFOJplu6w5LEKvZx9SrgED0lakE=
github.com/danielfdickinson/hugo-dfd-link-handling/exampleSite v0.0.0-20211025042849-39318ff3813e/go.mod h1:i4b0GqfbjmsmicMlSDW3yVN/M4mZgazEIudX1bxsMmw=
